// !$*UTF8*$!
{
	archiveVersion = 1;
	classes = {
	};
	objectVersion = 51;
	objects = {

/* Begin PBXBuildFile section */
		16E73154A0DCFA06AE1C5E97 /* libPods-SayList.a in Frameworks */ = {isa = PBXBuildFile; fileRef = 9953E00C3AFC0FC176058C48 /* libPods-SayList.a */; };
		FCD065F4231B77A100947C62 /* AppDelegate.swift in Sources */ = {isa = PBXBuildFile; fileRef = FCD065F3231B77A100947C62 /* AppDelegate.swift */; };
		FCD065F6231B77A100947C62 /* PlaylistListViewController.swift in Sources */ = {isa = PBXBuildFile; fileRef = FCD065F5231B77A100947C62 /* PlaylistListViewController.swift */; };
		FCD065F9231B77A100947C62 /* Main.storyboard in Resources */ = {isa = PBXBuildFile; fileRef = FCD065F7231B77A100947C62 /* Main.storyboard */; };
		FCD065FB231B77A200947C62 /* Assets.xcassets in Resources */ = {isa = PBXBuildFile; fileRef = FCD065FA231B77A200947C62 /* Assets.xcassets */; };
		FCD065FE231B77A200947C62 /* LaunchScreen.storyboard in Resources */ = {isa = PBXBuildFile; fileRef = FCD065FC231B77A200947C62 /* LaunchScreen.storyboard */; };
		FCD06606231B77B100947C62 /* Model.swift in Sources */ = {isa = PBXBuildFile; fileRef = FCD06605231B77B100947C62 /* Model.swift */; };
		FCD06609231B7B5A00947C62 /* OAuthSwift.framework in Frameworks */ = {isa = PBXBuildFile; fileRef = FCD06608231B7B5A00947C62 /* OAuthSwift.framework */; };
		FCD0660B231B7B6600947C62 /* OAuthSwift.framework in CopyFiles */ = {isa = PBXBuildFile; fileRef = FCD06608231B7B5A00947C62 /* OAuthSwift.framework */; settings = {ATTRIBUTES = (CodeSignOnCopy, RemoveHeadersOnCopy, ); }; };
		FCD0660D231B82CE00947C62 /* OAuthManager.swift in Sources */ = {isa = PBXBuildFile; fileRef = FCD0660C231B82CE00947C62 /* OAuthManager.swift */; };
		FCD06610231B85E900947C62 /* UITableView+Extensions.swift in Sources */ = {isa = PBXBuildFile; fileRef = FCD0660F231B85E900947C62 /* UITableView+Extensions.swift */; };
		FCD06612231B860200947C62 /* UIView+Extensions.swift in Sources */ = {isa = PBXBuildFile; fileRef = FCD06611231B860200947C62 /* UIView+Extensions.swift */; };
		FCD06614231B861900947C62 /* UIAlertController+Extensions.swift in Sources */ = {isa = PBXBuildFile; fileRef = FCD06613231B861900947C62 /* UIAlertController+Extensions.swift */; };
		FCD06616231B863600947C62 /* UIViewController+Extensions.swift in Sources */ = {isa = PBXBuildFile; fileRef = FCD06615231B863600947C62 /* UIViewController+Extensions.swift */; };
		FCD06618231B8A1C00947C62 /* MVP.swift in Sources */ = {isa = PBXBuildFile; fileRef = FCD06617231B8A1C00947C62 /* MVP.swift */; };
		FCD0661A231B8A4200947C62 /* SpotifyClient.swift in Sources */ = {isa = PBXBuildFile; fileRef = FCD06619231B8A4200947C62 /* SpotifyClient.swift */; };
		FCD0661C231B94A300947C62 /* PlaylistListPresenter.swift in Sources */ = {isa = PBXBuildFile; fileRef = FCD0661B231B94A300947C62 /* PlaylistListPresenter.swift */; };
		FCD06620231B99E700947C62 /* PlaylistDetailViewController.swift in Sources */ = {isa = PBXBuildFile; fileRef = FCD0661F231B99E700947C62 /* PlaylistDetailViewController.swift */; };
		FCD06622231B9A6700947C62 /* PlaylistDetailPresenter.swift in Sources */ = {isa = PBXBuildFile; fileRef = FCD06621231B9A6700947C62 /* PlaylistDetailPresenter.swift */; };
		FCD06624231B9BE300947C62 /* LoginViewController.swift in Sources */ = {isa = PBXBuildFile; fileRef = FCD06623231B9BE300947C62 /* LoginViewController.swift */; };
		FCD06626231BA1E600947C62 /* ListViewController.swift in Sources */ = {isa = PBXBuildFile; fileRef = FCD06625231BA1E600947C62 /* ListViewController.swift */; };
		FCD06629231BC2A900947C62 /* SongDetailViewController.swift in Sources */ = {isa = PBXBuildFile; fileRef = FCD06628231BC2A900947C62 /* SongDetailViewController.swift */; };
		FCD0662D231BC4EB00947C62 /* SongDetailHeaderView.xib in Resources */ = {isa = PBXBuildFile; fileRef = FCD0662C231BC4EB00947C62 /* SongDetailHeaderView.xib */; };
		FCD0662F231BC53B00947C62 /* SongDetailHeaderView.swift in Sources */ = {isa = PBXBuildFile; fileRef = FCD0662E231BC53B00947C62 /* SongDetailHeaderView.swift */; };
		FCD06631231BDE0800947C62 /* SongDetailHeaderCollectionViewCell.xib in Resources */ = {isa = PBXBuildFile; fileRef = FCD06630231BDE0800947C62 /* SongDetailHeaderCollectionViewCell.xib */; };
		FCD06633231BDF9400947C62 /* SongDetailViewController+HeaderFix.swift in Sources */ = {isa = PBXBuildFile; fileRef = FCD06632231BDF9400947C62 /* SongDetailViewController+HeaderFix.swift */; };
		FCD06635231BE04300947C62 /* SongDetailHeaderCollectionViewCell.swift in Sources */ = {isa = PBXBuildFile; fileRef = FCD06634231BE04300947C62 /* SongDetailHeaderCollectionViewCell.swift */; };
		FCD06639231C036700947C62 /* MessageClient.swift in Sources */ = {isa = PBXBuildFile; fileRef = FCD06638231C036700947C62 /* MessageClient.swift */; };
/* End PBXBuildFile section */

/* Begin PBXCopyFilesBuildPhase section */
		FCD0660A231B7B6000947C62 /* CopyFiles */ = {
			isa = PBXCopyFilesBuildPhase;
			buildActionMask = 2147483647;
			dstPath = "";
			dstSubfolderSpec = 10;
			files = (
				FCD0660B231B7B6600947C62 /* OAuthSwift.framework in CopyFiles */,
			);
			runOnlyForDeploymentPostprocessing = 0;
		};
/* End PBXCopyFilesBuildPhase section */

/* Begin PBXFileReference section */
		80E80508F3AD9241FBAB68F8 /* Pods-SayList.release.xcconfig */ = {isa = PBXFileReference; includeInIndex = 1; lastKnownFileType = text.xcconfig; name = "Pods-SayList.release.xcconfig"; path = "Target Support Files/Pods-SayList/Pods-SayList.release.xcconfig"; sourceTree = "<group>"; };
		9953E00C3AFC0FC176058C48 /* libPods-SayList.a */ = {isa = PBXFileReference; explicitFileType = archive.ar; includeInIndex = 0; path = "libPods-SayList.a"; sourceTree = BUILT_PRODUCTS_DIR; };
		AFFE9427811A498E9E4255FB /* Pods-SayList.debug.xcconfig */ = {isa = PBXFileReference; includeInIndex = 1; lastKnownFileType = text.xcconfig; name = "Pods-SayList.debug.xcconfig"; path = "Target Support Files/Pods-SayList/Pods-SayList.debug.xcconfig"; sourceTree = "<group>"; };
		FCD065F0231B77A100947C62 /* SayList.app */ = {isa = PBXFileReference; explicitFileType = wrapper.application; includeInIndex = 0; path = SayList.app; sourceTree = BUILT_PRODUCTS_DIR; };
		FCD065F3231B77A100947C62 /* AppDelegate.swift */ = {isa = PBXFileReference; lastKnownFileType = sourcecode.swift; path = AppDelegate.swift; sourceTree = "<group>"; };
		FCD065F5231B77A100947C62 /* PlaylistListViewController.swift */ = {isa = PBXFileReference; lastKnownFileType = sourcecode.swift; path = PlaylistListViewController.swift; sourceTree = "<group>"; };
		FCD065F8231B77A100947C62 /* Base */ = {isa = PBXFileReference; lastKnownFileType = file.storyboard; name = Base; path = Base.lproj/Main.storyboard; sourceTree = "<group>"; };
		FCD065FA231B77A200947C62 /* Assets.xcassets */ = {isa = PBXFileReference; lastKnownFileType = folder.assetcatalog; path = Assets.xcassets; sourceTree = "<group>"; };
		FCD065FD231B77A200947C62 /* Base */ = {isa = PBXFileReference; lastKnownFileType = file.storyboard; name = Base; path = Base.lproj/LaunchScreen.storyboard; sourceTree = "<group>"; };
		FCD065FF231B77A200947C62 /* Info.plist */ = {isa = PBXFileReference; lastKnownFileType = text.plist.xml; path = Info.plist; sourceTree = "<group>"; };
		FCD06605231B77B100947C62 /* Model.swift */ = {isa = PBXFileReference; lastKnownFileType = sourcecode.swift; path = Model.swift; sourceTree = "<group>"; };
		FCD06608231B7B5A00947C62 /* OAuthSwift.framework */ = {isa = PBXFileReference; lastKnownFileType = wrapper.framework; name = OAuthSwift.framework; path = Carthage/Build/iOS/OAuthSwift.framework; sourceTree = "<group>"; };
		FCD0660C231B82CE00947C62 /* OAuthManager.swift */ = {isa = PBXFileReference; lastKnownFileType = sourcecode.swift; path = OAuthManager.swift; sourceTree = "<group>"; };
		FCD0660F231B85E900947C62 /* UITableView+Extensions.swift */ = {isa = PBXFileReference; lastKnownFileType = sourcecode.swift; path = "UITableView+Extensions.swift"; sourceTree = "<group>"; };
		FCD06611231B860200947C62 /* UIView+Extensions.swift */ = {isa = PBXFileReference; lastKnownFileType = sourcecode.swift; path = "UIView+Extensions.swift"; sourceTree = "<group>"; };
		FCD06613231B861900947C62 /* UIAlertController+Extensions.swift */ = {isa = PBXFileReference; lastKnownFileType = sourcecode.swift; path = "UIAlertController+Extensions.swift"; sourceTree = "<group>"; };
		FCD06615231B863600947C62 /* UIViewController+Extensions.swift */ = {isa = PBXFileReference; lastKnownFileType = sourcecode.swift; path = "UIViewController+Extensions.swift"; sourceTree = "<group>"; };
		FCD06617231B8A1C00947C62 /* MVP.swift */ = {isa = PBXFileReference; lastKnownFileType = sourcecode.swift; path = MVP.swift; sourceTree = "<group>"; };
		FCD06619231B8A4200947C62 /* SpotifyClient.swift */ = {isa = PBXFileReference; lastKnownFileType = sourcecode.swift; path = SpotifyClient.swift; sourceTree = "<group>"; };
		FCD0661B231B94A300947C62 /* PlaylistListPresenter.swift */ = {isa = PBXFileReference; lastKnownFileType = sourcecode.swift; path = PlaylistListPresenter.swift; sourceTree = "<group>"; };
		FCD0661F231B99E700947C62 /* PlaylistDetailViewController.swift */ = {isa = PBXFileReference; lastKnownFileType = sourcecode.swift; path = PlaylistDetailViewController.swift; sourceTree = "<group>"; };
		FCD06621231B9A6700947C62 /* PlaylistDetailPresenter.swift */ = {isa = PBXFileReference; lastKnownFileType = sourcecode.swift; path = PlaylistDetailPresenter.swift; sourceTree = "<group>"; };
		FCD06623231B9BE300947C62 /* LoginViewController.swift */ = {isa = PBXFileReference; lastKnownFileType = sourcecode.swift; path = LoginViewController.swift; sourceTree = "<group>"; };
		FCD06625231BA1E600947C62 /* ListViewController.swift */ = {isa = PBXFileReference; lastKnownFileType = sourcecode.swift; path = ListViewController.swift; sourceTree = "<group>"; };
		FCD06628231BC2A900947C62 /* SongDetailViewController.swift */ = {isa = PBXFileReference; lastKnownFileType = sourcecode.swift; path = SongDetailViewController.swift; sourceTree = "<group>"; };
		FCD0662C231BC4EB00947C62 /* SongDetailHeaderView.xib */ = {isa = PBXFileReference; lastKnownFileType = file.xib; path = SongDetailHeaderView.xib; sourceTree = "<group>"; };
		FCD0662E231BC53B00947C62 /* SongDetailHeaderView.swift */ = {isa = PBXFileReference; lastKnownFileType = sourcecode.swift; path = SongDetailHeaderView.swift; sourceTree = "<group>"; };
		FCD06630231BDE0800947C62 /* SongDetailHeaderCollectionViewCell.xib */ = {isa = PBXFileReference; lastKnownFileType = file.xib; path = SongDetailHeaderCollectionViewCell.xib; sourceTree = "<group>"; };
		FCD06632231BDF9400947C62 /* SongDetailViewController+HeaderFix.swift */ = {isa = PBXFileReference; lastKnownFileType = sourcecode.swift; path = "SongDetailViewController+HeaderFix.swift"; sourceTree = "<group>"; };
		FCD06634231BE04300947C62 /* SongDetailHeaderCollectionViewCell.swift */ = {isa = PBXFileReference; lastKnownFileType = sourcecode.swift; path = SongDetailHeaderCollectionViewCell.swift; sourceTree = "<group>"; };
		FCD06638231C036700947C62 /* MessageClient.swift */ = {isa = PBXFileReference; lastKnownFileType = sourcecode.swift; path = MessageClient.swift; sourceTree = "<group>"; };
/* End PBXFileReference section */

/* Begin PBXFrameworksBuildPhase section */
		FCD065ED231B77A100947C62 /* Frameworks */ = {
			isa = PBXFrameworksBuildPhase;
			buildActionMask = 2147483647;
			files = (
				FCD06609231B7B5A00947C62 /* OAuthSwift.framework in Frameworks */,
				16E73154A0DCFA06AE1C5E97 /* libPods-SayList.a in Frameworks */,
			);
			runOnlyForDeploymentPostprocessing = 0;
		};
/* End PBXFrameworksBuildPhase section */

/* Begin PBXGroup section */
		D30524613F3F0007AA724E06 /* Pods */ = {
			isa = PBXGroup;
			children = (
				AFFE9427811A498E9E4255FB /* Pods-SayList.debug.xcconfig */,
				80E80508F3AD9241FBAB68F8 /* Pods-SayList.release.xcconfig */,
			);
			path = Pods;
			sourceTree = "<group>";
		};
		FCD065E7231B77A100947C62 = {
			isa = PBXGroup;
			children = (
				FCD065F2231B77A100947C62 /* SayList */,
				FCD065F1231B77A100947C62 /* Products */,
				FCD06607231B7B5A00947C62 /* Frameworks */,
				D30524613F3F0007AA724E06 /* Pods */,
			);
			sourceTree = "<group>";
		};
		FCD065F1231B77A100947C62 /* Products */ = {
			isa = PBXGroup;
			children = (
				FCD065F0231B77A100947C62 /* SayList.app */,
			);
			name = Products;
			sourceTree = "<group>";
		};
		FCD065F2231B77A100947C62 /* SayList */ = {
			isa = PBXGroup;
			children = (
				FCD065F3231B77A100947C62 /* AppDelegate.swift */,
				FCD06623231B9BE300947C62 /* LoginViewController.swift */,
				FCD0661D231B99BB00947C62 /* Playlist List */,
				FCD0661E231B99CB00947C62 /* Playlist Detail */,
				FCD0660C231B82CE00947C62 /* OAuthManager.swift */,
				FCD06627231BC29D00947C62 /* Song Detail */,
				FCD06619231B8A4200947C62 /* SpotifyClient.swift */,
				FCD06638231C036700947C62 /* MessageClient.swift */,
				FCD0660E231B85DC00947C62 /* Extensions */,
				FCD065F7231B77A100947C62 /* Main.storyboard */,
				FCD065FA231B77A200947C62 /* Assets.xcassets */,
				FCD065FC231B77A200947C62 /* LaunchScreen.storyboard */,
				FCD065FF231B77A200947C62 /* Info.plist */,
				FCD06617231B8A1C00947C62 /* MVP.swift */,
				FCD06625231BA1E600947C62 /* ListViewController.swift */,
				FCD06605231B77B100947C62 /* Model.swift */,
			);
			path = SayList;
			sourceTree = "<group>";
		};
		FCD06607231B7B5A00947C62 /* Frameworks */ = {
			isa = PBXGroup;
			children = (
				FCD06608231B7B5A00947C62 /* OAuthSwift.framework */,
				9953E00C3AFC0FC176058C48 /* libPods-SayList.a */,
			);
			name = Frameworks;
			sourceTree = "<group>";
		};
		FCD0660E231B85DC00947C62 /* Extensions */ = {
			isa = PBXGroup;
			children = (
				FCD0660F231B85E900947C62 /* UITableView+Extensions.swift */,
				FCD06611231B860200947C62 /* UIView+Extensions.swift */,
				FCD06613231B861900947C62 /* UIAlertController+Extensions.swift */,
				FCD06615231B863600947C62 /* UIViewController+Extensions.swift */,
			);
			path = Extensions;
			sourceTree = "<group>";
		};
		FCD0661D231B99BB00947C62 /* Playlist List */ = {
			isa = PBXGroup;
			children = (
				FCD0661B231B94A300947C62 /* PlaylistListPresenter.swift */,
				FCD065F5231B77A100947C62 /* PlaylistListViewController.swift */,
			);
			path = "Playlist List";
			sourceTree = "<group>";
		};
		FCD0661E231B99CB00947C62 /* Playlist Detail */ = {
			isa = PBXGroup;
			children = (
				FCD0661F231B99E700947C62 /* PlaylistDetailViewController.swift */,
				FCD06621231B9A6700947C62 /* PlaylistDetailPresenter.swift */,
			);
			path = "Playlist Detail";
			sourceTree = "<group>";
		};
		FCD06627231BC29D00947C62 /* Song Detail */ = {
			isa = PBXGroup;
			children = (
				FCD06628231BC2A900947C62 /* SongDetailViewController.swift */,
				FCD06632231BDF9400947C62 /* SongDetailViewController+HeaderFix.swift */,
				FCD06637231BE0E100947C62 /* Header Cell */,
				FCD06636231BE0D700947C62 /* Header View */,
			);
			path = "Song Detail";
			sourceTree = "<group>";
		};
		FCD06636231BE0D700947C62 /* Header View */ = {
			isa = PBXGroup;
			children = (
				FCD0662C231BC4EB00947C62 /* SongDetailHeaderView.xib */,
				FCD0662E231BC53B00947C62 /* SongDetailHeaderView.swift */,
			);
			path = "Header View";
			sourceTree = "<group>";
		};
		FCD06637231BE0E100947C62 /* Header Cell */ = {
			isa = PBXGroup;
			children = (
				FCD06634231BE04300947C62 /* SongDetailHeaderCollectionViewCell.swift */,
				FCD06630231BDE0800947C62 /* SongDetailHeaderCollectionViewCell.xib */,
			);
			path = "Header Cell";
			sourceTree = "<group>";
		};
/* End PBXGroup section */

/* Begin PBXNativeTarget section */
		FCD065EF231B77A100947C62 /* SayList */ = {
			isa = PBXNativeTarget;
			buildConfigurationList = FCD06602231B77A200947C62 /* Build configuration list for PBXNativeTarget "SayList" */;
			buildPhases = (
				C885AA235BA3081008BF40A4 /* [CP] Check Pods Manifest.lock */,
				FCD0660A231B7B6000947C62 /* CopyFiles */,
				FCD065EC231B77A100947C62 /* Sources */,
				FCD065ED231B77A100947C62 /* Frameworks */,
				FCD065EE231B77A100947C62 /* Resources */,
				309FC081D80BB91C53863C87 /* [CP] Copy Pods Resources */,
			);
			buildRules = (
			);
			dependencies = (
			);
			name = SayList;
			productName = SayList;
			productReference = FCD065F0231B77A100947C62 /* SayList.app */;
			productType = "com.apple.product-type.application";
		};
/* End PBXNativeTarget section */

/* Begin PBXProject section */
		FCD065E8231B77A100947C62 /* Project object */ = {
			isa = PBXProject;
			attributes = {
				LastSwiftUpdateCheck = 1020;
				LastUpgradeCheck = 1020;
				ORGANIZATIONNAME = "Dylan Elliott";
				TargetAttributes = {
					FCD065EF231B77A100947C62 = {
						CreatedOnToolsVersion = 10.2.1;
					};
				};
			};
			buildConfigurationList = FCD065EB231B77A100947C62 /* Build configuration list for PBXProject "SayList" */;
			compatibilityVersion = "Xcode 9.3";
			developmentRegion = en;
			hasScannedForEncodings = 0;
			knownRegions = (
				en,
				Base,
			);
			mainGroup = FCD065E7231B77A100947C62;
			productRefGroup = FCD065F1231B77A100947C62 /* Products */;
			projectDirPath = "";
			projectRoot = "";
			targets = (
				FCD065EF231B77A100947C62 /* SayList */,
			);
		};
/* End PBXProject section */

/* Begin PBXResourcesBuildPhase section */
		FCD065EE231B77A100947C62 /* Resources */ = {
			isa = PBXResourcesBuildPhase;
			buildActionMask = 2147483647;
			files = (
				FCD065FE231B77A200947C62 /* LaunchScreen.storyboard in Resources */,
				FCD0662D231BC4EB00947C62 /* SongDetailHeaderView.xib in Resources */,
				FCD065FB231B77A200947C62 /* Assets.xcassets in Resources */,
				FCD065F9231B77A100947C62 /* Main.storyboard in Resources */,
				FCD06631231BDE0800947C62 /* SongDetailHeaderCollectionViewCell.xib in Resources */,
			);
			runOnlyForDeploymentPostprocessing = 0;
		};
/* End PBXResourcesBuildPhase section */

/* Begin PBXShellScriptBuildPhase section */
		309FC081D80BB91C53863C87 /* [CP] Copy Pods Resources */ = {
			isa = PBXShellScriptBuildPhase;
			buildActionMask = 2147483647;
			files = (
			);
			inputFileListPaths = (
				"${PODS_ROOT}/Target Support Files/Pods-SayList/Pods-SayList-resources-${CONFIGURATION}-input-files.xcfilelist",
			);
			name = "[CP] Copy Pods Resources";
			outputFileListPaths = (
				"${PODS_ROOT}/Target Support Files/Pods-SayList/Pods-SayList-resources-${CONFIGURATION}-output-files.xcfilelist",
			);
			runOnlyForDeploymentPostprocessing = 0;
			shellPath = /bin/sh;
			shellScript = "\"${PODS_ROOT}/Target Support Files/Pods-SayList/Pods-SayList-resources.sh\"\n";
			showEnvVarsInLog = 0;
		};
		C885AA235BA3081008BF40A4 /* [CP] Check Pods Manifest.lock */ = {
			isa = PBXShellScriptBuildPhase;
			buildActionMask = 2147483647;
			files = (
			);
			inputFileListPaths = (
			);
			inputPaths = (
				"${PODS_PODFILE_DIR_PATH}/Podfile.lock",
				"${PODS_ROOT}/Manifest.lock",
			);
			name = "[CP] Check Pods Manifest.lock";
			outputFileListPaths = (
			);
			outputPaths = (
				"$(DERIVED_FILE_DIR)/Pods-SayList-checkManifestLockResult.txt",
			);
			runOnlyForDeploymentPostprocessing = 0;
			shellPath = /bin/sh;
			shellScript = "diff \"${PODS_PODFILE_DIR_PATH}/Podfile.lock\" \"${PODS_ROOT}/Manifest.lock\" > /dev/null\nif [ $? != 0 ] ; then\n    # print error to STDERR\n    echo \"error: The sandbox is not in sync with the Podfile.lock. Run 'pod install' or update your CocoaPods installation.\" >&2\n    exit 1\nfi\n# This output is used by Xcode 'outputs' to avoid re-running this script phase.\necho \"SUCCESS\" > \"${SCRIPT_OUTPUT_FILE_0}\"\n";
			showEnvVarsInLog = 0;
		};
/* End PBXShellScriptBuildPhase section */

/* Begin PBXSourcesBuildPhase section */
		FCD065EC231B77A100947C62 /* Sources */ = {
			isa = PBXSourcesBuildPhase;
			buildActionMask = 2147483647;
			files = (
				FCD0662F231BC53B00947C62 /* SongDetailHeaderView.swift in Sources */,
				FCD06633231BDF9400947C62 /* SongDetailViewController+HeaderFix.swift in Sources */,
				FCD06624231B9BE300947C62 /* LoginViewController.swift in Sources */,
				FCD06612231B860200947C62 /* UIView+Extensions.swift in Sources */,
				FCD06629231BC2A900947C62 /* SongDetailViewController.swift in Sources */,
				FCD06610231B85E900947C62 /* UITableView+Extensions.swift in Sources */,
				FCD06606231B77B100947C62 /* Model.swift in Sources */,
				FCD0661A231B8A4200947C62 /* SpotifyClient.swift in Sources */,
				FCD0661C231B94A300947C62 /* PlaylistListPresenter.swift in Sources */,
				FCD06622231B9A6700947C62 /* PlaylistDetailPresenter.swift in Sources */,
				FCD06614231B861900947C62 /* UIAlertController+Extensions.swift in Sources */,
				FCD06626231BA1E600947C62 /* ListViewController.swift in Sources */,
				FCD06616231B863600947C62 /* UIViewController+Extensions.swift in Sources */,
				FCD0660D231B82CE00947C62 /* OAuthManager.swift in Sources */,
				FCD06639231C036700947C62 /* MessageClient.swift in Sources */,
				FCD06635231BE04300947C62 /* SongDetailHeaderCollectionViewCell.swift in Sources */,
				FCD065F6231B77A100947C62 /* PlaylistListViewController.swift in Sources */,
				FCD06620231B99E700947C62 /* PlaylistDetailViewController.swift in Sources */,
				FCD06618231B8A1C00947C62 /* MVP.swift in Sources */,
				FCD065F4231B77A100947C62 /* AppDelegate.swift in Sources */,
			);
			runOnlyForDeploymentPostprocessing = 0;
		};
/* End PBXSourcesBuildPhase section */

/* Begin PBXVariantGroup section */
		FCD065F7231B77A100947C62 /* Main.storyboard */ = {
			isa = PBXVariantGroup;
			children = (
				FCD065F8231B77A100947C62 /* Base */,
			);
			name = Main.storyboard;
			sourceTree = "<group>";
		};
		FCD065FC231B77A200947C62 /* LaunchScreen.storyboard */ = {
			isa = PBXVariantGroup;
			children = (
				FCD065FD231B77A200947C62 /* Base */,
			);
			name = LaunchScreen.storyboard;
			sourceTree = "<group>";
		};
/* End PBXVariantGroup section */

/* Begin XCBuildConfiguration section */
		FCD06600231B77A200947C62 /* Debug */ = {
			isa = XCBuildConfiguration;
			buildSettings = {
				ALWAYS_SEARCH_USER_PATHS = NO;
				CLANG_ANALYZER_NONNULL = YES;
				CLANG_ANALYZER_NUMBER_OBJECT_CONVERSION = YES_AGGRESSIVE;
				CLANG_CXX_LANGUAGE_STANDARD = "gnu++14";
				CLANG_CXX_LIBRARY = "libc++";
				CLANG_ENABLE_MODULES = YES;
				CLANG_ENABLE_OBJC_ARC = YES;
				CLANG_ENABLE_OBJC_WEAK = YES;
				CLANG_WARN_BLOCK_CAPTURE_AUTORELEASING = YES;
				CLANG_WARN_BOOL_CONVERSION = YES;
				CLANG_WARN_COMMA = YES;
				CLANG_WARN_CONSTANT_CONVERSION = YES;
				CLANG_WARN_DEPRECATED_OBJC_IMPLEMENTATIONS = YES;
				CLANG_WARN_DIRECT_OBJC_ISA_USAGE = YES_ERROR;
				CLANG_WARN_DOCUMENTATION_COMMENTS = YES;
				CLANG_WARN_EMPTY_BODY = YES;
				CLANG_WARN_ENUM_CONVERSION = YES;
				CLANG_WARN_INFINITE_RECURSION = YES;
				CLANG_WARN_INT_CONVERSION = YES;
				CLANG_WARN_NON_LITERAL_NULL_CONVERSION = YES;
				CLANG_WARN_OBJC_IMPLICIT_RETAIN_SELF = YES;
				CLANG_WARN_OBJC_LITERAL_CONVERSION = YES;
				CLANG_WARN_OBJC_ROOT_CLASS = YES_ERROR;
				CLANG_WARN_RANGE_LOOP_ANALYSIS = YES;
				CLANG_WARN_STRICT_PROTOTYPES = YES;
				CLANG_WARN_SUSPICIOUS_MOVE = YES;
				CLANG_WARN_UNGUARDED_AVAILABILITY = YES_AGGRESSIVE;
				CLANG_WARN_UNREACHABLE_CODE = YES;
				CLANG_WARN__DUPLICATE_METHOD_MATCH = YES;
				CODE_SIGN_IDENTITY = "iPhone Developer";
				COPY_PHASE_STRIP = NO;
				DEBUG_INFORMATION_FORMAT = dwarf;
				ENABLE_STRICT_OBJC_MSGSEND = YES;
				ENABLE_TESTABILITY = YES;
				GCC_C_LANGUAGE_STANDARD = gnu11;
				GCC_DYNAMIC_NO_PIC = NO;
				GCC_NO_COMMON_BLOCKS = YES;
				GCC_OPTIMIZATION_LEVEL = 0;
				GCC_PREPROCESSOR_DEFINITIONS = (
					"DEBUG=1",
					"$(inherited)",
				);
				GCC_WARN_64_TO_32_BIT_CONVERSION = YES;
				GCC_WARN_ABOUT_RETURN_TYPE = YES_ERROR;
				GCC_WARN_UNDECLARED_SELECTOR = YES;
				GCC_WARN_UNINITIALIZED_AUTOS = YES_AGGRESSIVE;
				GCC_WARN_UNUSED_FUNCTION = YES;
				GCC_WARN_UNUSED_VARIABLE = YES;
				IPHONEOS_DEPLOYMENT_TARGET = 12.2;
				MTL_ENABLE_DEBUG_INFO = INCLUDE_SOURCE;
				MTL_FAST_MATH = YES;
				ONLY_ACTIVE_ARCH = YES;
				SDKROOT = iphoneos;
				SWIFT_ACTIVE_COMPILATION_CONDITIONS = DEBUG;
				SWIFT_OPTIMIZATION_LEVEL = "-Onone";
			};
			name = Debug;
		};
		FCD06601231B77A200947C62 /* Release */ = {
			isa = XCBuildConfiguration;
			buildSettings = {
				ALWAYS_SEARCH_USER_PATHS = NO;
				CLANG_ANALYZER_NONNULL = YES;
				CLANG_ANALYZER_NUMBER_OBJECT_CONVERSION = YES_AGGRESSIVE;
				CLANG_CXX_LANGUAGE_STANDARD = "gnu++14";
				CLANG_CXX_LIBRARY = "libc++";
				CLANG_ENABLE_MODULES = YES;
				CLANG_ENABLE_OBJC_ARC = YES;
				CLANG_ENABLE_OBJC_WEAK = YES;
				CLANG_WARN_BLOCK_CAPTURE_AUTORELEASING = YES;
				CLANG_WARN_BOOL_CONVERSION = YES;
				CLANG_WARN_COMMA = YES;
				CLANG_WARN_CONSTANT_CONVERSION = YES;
				CLANG_WARN_DEPRECATED_OBJC_IMPLEMENTATIONS = YES;
				CLANG_WARN_DIRECT_OBJC_ISA_USAGE = YES_ERROR;
				CLANG_WARN_DOCUMENTATION_COMMENTS = YES;
				CLANG_WARN_EMPTY_BODY = YES;
				CLANG_WARN_ENUM_CONVERSION = YES;
				CLANG_WARN_INFINITE_RECURSION = YES;
				CLANG_WARN_INT_CONVERSION = YES;
				CLANG_WARN_NON_LITERAL_NULL_CONVERSION = YES;
				CLANG_WARN_OBJC_IMPLICIT_RETAIN_SELF = YES;
				CLANG_WARN_OBJC_LITERAL_CONVERSION = YES;
				CLANG_WARN_OBJC_ROOT_CLASS = YES_ERROR;
				CLANG_WARN_RANGE_LOOP_ANALYSIS = YES;
				CLANG_WARN_STRICT_PROTOTYPES = YES;
				CLANG_WARN_SUSPICIOUS_MOVE = YES;
				CLANG_WARN_UNGUARDED_AVAILABILITY = YES_AGGRESSIVE;
				CLANG_WARN_UNREACHABLE_CODE = YES;
				CLANG_WARN__DUPLICATE_METHOD_MATCH = YES;
				CODE_SIGN_IDENTITY = "iPhone Developer";
				COPY_PHASE_STRIP = NO;
				DEBUG_INFORMATION_FORMAT = "dwarf-with-dsym";
				ENABLE_NS_ASSERTIONS = NO;
				ENABLE_STRICT_OBJC_MSGSEND = YES;
				GCC_C_LANGUAGE_STANDARD = gnu11;
				GCC_NO_COMMON_BLOCKS = YES;
				GCC_WARN_64_TO_32_BIT_CONVERSION = YES;
				GCC_WARN_ABOUT_RETURN_TYPE = YES_ERROR;
				GCC_WARN_UNDECLARED_SELECTOR = YES;
				GCC_WARN_UNINITIALIZED_AUTOS = YES_AGGRESSIVE;
				GCC_WARN_UNUSED_FUNCTION = YES;
				GCC_WARN_UNUSED_VARIABLE = YES;
				IPHONEOS_DEPLOYMENT_TARGET = 12.2;
				MTL_ENABLE_DEBUG_INFO = NO;
				MTL_FAST_MATH = YES;
				SDKROOT = iphoneos;
				SWIFT_COMPILATION_MODE = wholemodule;
				SWIFT_OPTIMIZATION_LEVEL = "-O";
				VALIDATE_PRODUCT = YES;
			};
			name = Release;
		};
		FCD06603231B77A200947C62 /* Debug */ = {
			isa = XCBuildConfiguration;
			baseConfigurationReference = AFFE9427811A498E9E4255FB /* Pods-SayList.debug.xcconfig */;
			buildSettings = {
				ASSETCATALOG_COMPILER_APPICON_NAME = AppIcon;
				CODE_SIGN_STYLE = Automatic;
				FRAMEWORK_SEARCH_PATHS = (
					"$(inherited)",
					"$(PROJECT_DIR)/Carthage/Build/iOS",
				);
				INFOPLIST_FILE = SayList/Info.plist;
				LD_RUNPATH_SEARCH_PATHS = (
					"$(inherited)",
					"@executable_path/Frameworks",
				);
				PRODUCT_BUNDLE_IDENTIFIER = com.dylan.SayList;
				PRODUCT_NAME = "$(TARGET_NAME)";
				SWIFT_VERSION = 5.0;
				TARGETED_DEVICE_FAMILY = "1,2";
			};
			name = Debug;
		};
		FCD06604231B77A200947C62 /* Release */ = {
			isa = XCBuildConfiguration;
			baseConfigurationReference = 80E80508F3AD9241FBAB68F8 /* Pods-SayList.release.xcconfig */;
			buildSettings = {
				ASSETCATALOG_COMPILER_APPICON_NAME = AppIcon;
				CODE_SIGN_STYLE = Automatic;
				FRAMEWORK_SEARCH_PATHS = (
					"$(inherited)",
					"$(PROJECT_DIR)/Carthage/Build/iOS",
				);
				INFOPLIST_FILE = SayList/Info.plist;
				LD_RUNPATH_SEARCH_PATHS = (
					"$(inherited)",
					"@executable_path/Frameworks",
				);
				PRODUCT_BUNDLE_IDENTIFIER = com.dylan.SayList;
				PRODUCT_NAME = "$(TARGET_NAME)";
				SWIFT_VERSION = 5.0;
				TARGETED_DEVICE_FAMILY = "1,2";
			};
			name = Release;
		};
/* End XCBuildConfiguration section */

/* Begin XCConfigurationList section */
		FCD065EB231B77A100947C62 /* Build configuration list for PBXProject "SayList" */ = {
			isa = XCConfigurationList;
			buildConfigurations = (
				FCD06600231B77A200947C62 /* Debug */,
				FCD06601231B77A200947C62 /* Release */,
			);
			defaultConfigurationIsVisible = 0;
			defaultConfigurationName = Release;
		};
		FCD06602231B77A200947C62 /* Build configuration list for PBXNativeTarget "SayList" */ = {
			isa = XCConfigurationList;
			buildConfigurations = (
				FCD06603231B77A200947C62 /* Debug */,
				FCD06604231B77A200947C62 /* Release */,
			);
			defaultConfigurationIsVisible = 0;
			defaultConfigurationName = Release;
		};
/* End XCConfigurationList section */
	};
	rootObject = FCD065E8231B77A100947C62 /* Project object */;
}
